
Microsoft Visual Studio Solution File, Format Version 12.00
# Visual Studio Version 16
VisualStudioVersion = 16.0.31019.35
MinimumVisualStudioVersion = 10.0.40219.1
Project("{9A19103F-16F7-4668-BE54-9A1E7A4F7556}") = "PonishaExam", "PonishaExam\PonishaExam.csproj", "{650064FC-5981-4D7F-B904-E35256E7ACAD}"
EndProject
Project("{9A19103F-16F7-4668-BE54-9A1E7A4F7556}") = "Application", "Application\Application.csproj", "{837221E3-7D9C-4F3A-9819-E6ACE4773181}"
EndProject
Project("{9A19103F-16F7-4668-BE54-9A1E7A4F7556}") = "Domin", "Domin\Domin.csproj", "{D974C980-5B83-44EE-A43C-810E496F1D5B}"
EndProject
Project("{9A19103F-16F7-4668-BE54-9A1E7A4F7556}") = "IOC", "Infra.IoC\IOC.csproj", "{2C1A664C-83EC-4899-A190-F3693B9FAC21}"
EndProject
Project("{FAE04EC0-301F-11D3-BF4B-00C04F79EFBC}") = "Data", "Data\Data.csproj", "{91F47814-A540-4F63-8D8D-083F3FAEA259}"
EndProject
Global
	GlobalSection(SolutionConfigurationPlatforms) = preSolution
		Debug|Any CPU = Debug|Any CPU
		Release|Any CPU = Release|Any CPU
	EndGlobalSection
	GlobalSection(ProjectConfigurationPlatforms) = postSolution
		{650064FC-5981-4D7F-B904-E35256E7ACAD}.Debug|Any CPU.ActiveCfg = Debug|Any CPU
		{650064FC-5981-4D7F-B904-E35256E7ACAD}.Debug|Any CPU.Build.0 = Debug|Any CPU
		{650064FC-5981-4D7F-B904-E35256E7ACAD}.Release|Any CPU.ActiveCfg = Release|Any CPU
		{650064FC-5981-4D7F-B904-E35256E7ACAD}.Release|Any CPU.Build.0 = Release|Any CPU
		{837221E3-7D9C-4F3A-9819-E6ACE4773181}.Debug|Any CPU.ActiveCfg = Debug|Any CPU
		{837221E3-7D9C-4F3A-9819-E6ACE4773181}.Debug|Any CPU.Build.0 = Debug|Any CPU
		{837221E3-7D9C-4F3A-9819-E6ACE4773181}.Release|Any CPU.ActiveCfg = Release|Any CPU
		{837221E3-7D9C-4F3A-9819-E6ACE4773181}.Release|Any CPU.Build.0 = Release|Any CPU
		{D974C980-5B83-44EE-A43C-810E496F1D5B}.Debug|Any CPU.ActiveCfg = Debug|Any CPU
		{D974C980-5B83-44EE-A43C-810E496F1D5B}.Debug|Any CPU.Build.0 = Debug|Any CPU
		{D974C980-5B83-44EE-A43C-810E496F1D5B}.Release|Any CPU.ActiveCfg = Release|Any CPU
		{D974C980-5B83-44EE-A43C-810E496F1D5B}.Release|Any CPU.Build.0 = Release|Any CPU
		{2C1A664C-83EC-4899-A190-F3693B9FAC21}.Debug|Any CPU.ActiveCfg = Debug|Any CPU
		{2C1A664C-83EC-4899-A190-F3693B9FAC21}.Debug|Any CPU.Build.0 = Debug|Any CPU
		{2C1A664C-83EC-4899-A190-F3693B9FAC21}.Release|Any CPU.ActiveCfg = Release|Any CPU
		{2C1A664C-83EC-4899-A190-F3693B9FAC21}.Release|Any CPU.Build.0 = Release|Any CPU
		{91F47814-A540-4F63-8D8D-083F3FAEA259}.Debug|Any CPU.ActiveCfg = Debug|Any CPU
		{91F47814-A540-4F63-8D8D-083F3FAEA259}.Debug|Any CPU.Build.0 = Debug|Any CPU
		{91F47814-A540-4F63-8D8D-083F3FAEA259}.Release|Any CPU.ActiveCfg = Release|Any CPU
		{91F47814-A540-4F63-8D8D-083F3FAEA259}.Release|Any CPU.Build.0 = Release|Any CPU
	EndGlobalSection
	GlobalSection(SolutionProperties) = preSolution
		HideSolutionNode = FALSE
	EndGlobalSection
	GlobalSection(ExtensibilityGlobals) = postSolution
		SolutionGuid = {E20AF4A1-FF92-4E79-84B8-F47B76734B8A}
	EndGlobalSection
EndGlobal
